
Microsoft Visual Studio Solution File, Format Version 12.00
# Visual Studio Version 17
VisualStudioVersion = 17.13.35806.99 d17.13
MinimumVisualStudioVersion = 10.0.40219.1
Project("{8BC9CEB8-8B4A-11D0-8D11-00A0C91BC942}") = "CellHolderGenerator", "CellHolderGenerator\CellHolderGenerator.vcxproj", "{097670C2-02B8-4C26-9BA2-C7A3AFE1160A}"
EndProject
Global
	GlobalSection(SolutionConfigurationPlatforms) = preSolution
		Debug|x64 = Debug|x64
		Release|x64 = Release|x64
	EndGlobalSection
	GlobalSection(ProjectConfigurationPlatforms) = postSolution
		{097670C2-02B8-4C26-9BA2-C7A3AFE1160A}.Debug|x64.ActiveCfg = Debug|x64
		{097670C2-02B8-4C26-9BA2-C7A3AFE1160A}.Debug|x64.Build.0 = Debug|x64
		{097670C2-02B8-4C26-9BA2-C7A3AFE1160A}.Release|x64.ActiveCfg = Release|x64
		{097670C2-02B8-4C26-9BA2-C7A3AFE1160A}.Release|x64.Build.0 = Release|x64
	EndGlobalSection
	GlobalSection(SolutionProperties) = preSolution
		HideSolutionNode = FALSE
	EndGlobalSection
	GlobalSection(ExtensibilityGlobals) = postSolution
		SolutionGuid = {35029DC0-59CE-4333-ACFA-EB88951DD03E}
	EndGlobalSection
EndGlobal
